
Microsoft Visual Studio Solution File, Format Version 12.00
# Visual Studio 15
Project("{FAE04EC0-301F-11D3-BF4B-00C04F79EFBC}") = "Oculus.Platform", "Oculus.Platform.csproj", "{C3DAE03A-4D7C-1652-F39B-75A35C0991F3}"
EndProject
Project("{FAE04EC0-301F-11D3-BF4B-00C04F79EFBC}") = "Assembly-CSharp", "Assembly-CSharp.csproj", "{432E9C01-5C01-A60E-4891-DFBED33882D7}"
EndProject
Project("{FAE04EC0-301F-11D3-BF4B-00C04F79EFBC}") = "Oculus.Spatializer", "Oculus.Spatializer.csproj", "{E3B5FAE1-3D7C-F4CE-4A02-03B6238D32EF}"
EndProject
Project("{FAE04EC0-301F-11D3-BF4B-00C04F79EFBC}") = "Oculus.Interaction", "Oculus.Interaction.csproj", "{CB5FD345-5210-F47B-A75F-369E07B7C196}"
EndProject
Project("{FAE04EC0-301F-11D3-BF4B-00C04F79EFBC}") = "Meta.WitAi", "Meta.WitAi.csproj", "{4DF730C9-5CB6-993F-A54A-D7218D517171}"
EndProject
Project("{FAE04EC0-301F-11D3-BF4B-00C04F79EFBC}") = "Oculus.Interaction.OVR.Samples", "Oculus.Interaction.OVR.Samples.csproj", "{A6C45DEE-257F-D761-407D-09BD9D510C1C}"
EndProject
Project("{FAE04EC0-301F-11D3-BF4B-00C04F79EFBC}") = "Oculus.VR", "Oculus.VR.csproj", "{948D8E10-F688-3A9E-1A15-9B43E69D6116}"
EndProject
Project("{FAE04EC0-301F-11D3-BF4B-00C04F79EFBC}") = "VoiceSDK.Dictation.Runtime", "VoiceSDK.Dictation.Runtime.csproj", "{3EC6151C-E96B-D250-E292-33E2554F3AE4}"
EndProject
Project("{FAE04EC0-301F-11D3-BF4B-00C04F79EFBC}") = "Meta.WitAi.TTS", "Meta.WitAi.TTS.csproj", "{9D933641-6B7D-7923-80B0-4167F59CC891}"
EndProject
Project("{FAE04EC0-301F-11D3-BF4B-00C04F79EFBC}") = "Oculus.AudioManager", "Oculus.AudioManager.csproj", "{51552BC3-5A15-85CD-1CF8-6BFF82877EE3}"
EndProject
Project("{FAE04EC0-301F-11D3-BF4B-00C04F79EFBC}") = "VoiceSDK.Runtime", "VoiceSDK.Runtime.csproj", "{BA216C1F-EF7B-D9EA-C181-EE14A5B4CF47}"
EndProject
Project("{FAE04EC0-301F-11D3-BF4B-00C04F79EFBC}") = "Facebook.Wit.Dictation", "Facebook.Wit.Dictation.csproj", "{45999033-3C4E-D4FA-D38D-6022E82A1222}"
EndProject
Project("{FAE04EC0-301F-11D3-BF4B-00C04F79EFBC}") = "Meta.WitAi.Lib", "Meta.WitAi.Lib.csproj", "{15E35F03-F6CD-AB34-C487-750ED3B2C89D}"
EndProject
Project("{FAE04EC0-301F-11D3-BF4B-00C04F79EFBC}") = "Meta.WitAi.TTS.Samples", "Meta.WitAi.TTS.Samples.csproj", "{FF6FDE57-F557-1C23-8D32-50D845F74200}"
EndProject
Project("{FAE04EC0-301F-11D3-BF4B-00C04F79EFBC}") = "Oculus.Voice.Demo", "Oculus.Voice.Demo.csproj", "{CFC15114-BF10-9867-8813-EFB86F93C0D0}"
EndProject
Project("{FAE04EC0-301F-11D3-BF4B-00C04F79EFBC}") = "Oculus.Interaction.OVR", "Oculus.Interaction.OVR.csproj", "{32BBB76E-BAAC-4011-2181-85914995469E}"
EndProject
Project("{FAE04EC0-301F-11D3-BF4B-00C04F79EFBC}") = "AssistantCoreSDKRuntime", "AssistantCoreSDKRuntime.csproj", "{E3D62B6D-42D9-D563-7FD6-677014743BDD}"
EndProject
Project("{FAE04EC0-301F-11D3-BF4B-00C04F79EFBC}") = "Meta.WitAi.Conduit", "Meta.WitAi.Conduit.csproj", "{A902D1E6-122C-4E7C-842F-193DB462979D}"
EndProject
Project("{FAE04EC0-301F-11D3-BF4B-00C04F79EFBC}") = "Oculus.LipSync", "Oculus.LipSync.csproj", "{225DEFDC-91E4-1043-0910-6FE343B8CAA6}"
EndProject
Project("{FAE04EC0-301F-11D3-BF4B-00C04F79EFBC}") = "Meta.VoiceSDK.Mic.Other", "Meta.VoiceSDK.Mic.Other.csproj", "{9974F06C-1F0A-35EC-15AE-6064CBFF271F}"
EndProject
Project("{FAE04EC0-301F-11D3-BF4B-00C04F79EFBC}") = "Meta.VoiceSDK.Mic.Common", "Meta.VoiceSDK.Mic.Common.csproj", "{F2013D53-BE7B-C4A4-F0E3-487D3F0AC137}"
EndProject
Project("{FAE04EC0-301F-11D3-BF4B-00C04F79EFBC}") = "Meta.WitAi.Editor", "Meta.WitAi.Editor.csproj", "{A471331B-09CD-D501-4BF5-9F2E01B86761}"
EndProject
Project("{FAE04EC0-301F-11D3-BF4B-00C04F79EFBC}") = "Oculus.Interaction.Editor", "Oculus.Interaction.Editor.csproj", "{8D1B2FD1-48B9-0268-D2FF-A36834F619F2}"
EndProject
Project("{FAE04EC0-301F-11D3-BF4B-00C04F79EFBC}") = "Meta.WitAI.Lib.Editor", "Meta.WitAI.Lib.Editor.csproj", "{F971A837-B36A-F410-7F8F-A254A69318AE}"
EndProject
Project("{FAE04EC0-301F-11D3-BF4B-00C04F79EFBC}") = "Oculus.VR.Editor", "Oculus.VR.Editor.csproj", "{FE7027C2-AFFD-BBFB-5190-7747D3B91155}"
EndProject
Project("{FAE04EC0-301F-11D3-BF4B-00C04F79EFBC}") = "Meta.WitAi.Conduit.Editor", "Meta.WitAi.Conduit.Editor.csproj", "{0BE91322-EE7D-C4BD-7F82-9BECDE757213}"
EndProject
Project("{FAE04EC0-301F-11D3-BF4B-00C04F79EFBC}") = "Assembly-CSharp-Editor", "Assembly-CSharp-Editor.csproj", "{BE0AD68A-9512-7E89-A76F-711C8ED09749}"
EndProject
Project("{FAE04EC0-301F-11D3-BF4B-00C04F79EFBC}") = "Oculus.Interaction.OVR.Editor", "Oculus.Interaction.OVR.Editor.csproj", "{A9C67955-9572-0887-160F-DA50D3EA665A}"
EndProject
Project("{FAE04EC0-301F-11D3-BF4B-00C04F79EFBC}") = "Oculus.Interaction.Samples.Editor", "Oculus.Interaction.Samples.Editor.csproj", "{F6C03868-6C11-C1CD-BCED-135107AC5A0F}"
EndProject
Project("{FAE04EC0-301F-11D3-BF4B-00C04F79EFBC}") = "Oculus.VR.Scripts.Editor", "Oculus.VR.Scripts.Editor.csproj", "{A233594C-CB21-61EE-447D-796845270832}"
EndProject
Project("{FAE04EC0-301F-11D3-BF4B-00C04F79EFBC}") = "VoiceSDK.Editor", "VoiceSDK.Editor.csproj", "{0EB4C7C4-0E3C-692A-37B9-415855A2BEA4}"
EndProject
Project("{FAE04EC0-301F-11D3-BF4B-00C04F79EFBC}") = "Oculus.Spatializer.Editor", "Oculus.Spatializer.Editor.csproj", "{19C7E67E-2C47-F944-C97E-0E7475CFE023}"
EndProject
Project("{FAE04EC0-301F-11D3-BF4B-00C04F79EFBC}") = "Meta.WitAi.TTS.Editor", "Meta.WitAi.TTS.Editor.csproj", "{9D4622B2-B801-7BF8-D574-EE0E7DE40B5A}"
EndProject
Project("{FAE04EC0-301F-11D3-BF4B-00C04F79EFBC}") = "Facebook.Wit.Dictation.Editor", "Facebook.Wit.Dictation.Editor.csproj", "{0C8D384F-4A04-DA5D-2C5A-CE1D0B434307}"
EndProject
Project("{FAE04EC0-301F-11D3-BF4B-00C04F79EFBC}") = "VoiceSDK.Dictation.Editor", "VoiceSDK.Dictation.Editor.csproj", "{9F3C6161-D97E-43FE-1D0A-72E2887E7313}"
EndProject
Project("{FAE04EC0-301F-11D3-BF4B-00C04F79EFBC}") = "Oculus.Platform.Editor", "Oculus.Platform.Editor.csproj", "{A750E3A6-33F9-C9B1-B57A-1E6D20FE772E}"
EndProject
Project("{FAE04EC0-301F-11D3-BF4B-00C04F79EFBC}") = "Oculus.AudioManager.Audio.Editor", "Oculus.AudioManager.Audio.Editor.csproj", "{CA1FD0E6-5891-B7AF-3614-FE59A5443725}"
EndProject
Project("{FAE04EC0-301F-11D3-BF4B-00C04F79EFBC}") = "Oculus.Interaction.InterfaceSupport", "Oculus.Interaction.InterfaceSupport.csproj", "{926C252B-38DD-C887-02AA-EC169377C5CD}"
EndProject
Project("{FAE04EC0-301F-11D3-BF4B-00C04F79EFBC}") = "Oculus.LipSync.Editor", "Oculus.LipSync.Editor.csproj", "{D5DABA45-67E5-5D71-9210-AA605F7D6AA0}"
EndProject
Project("{FAE04EC0-301F-11D3-BF4B-00C04F79EFBC}") = "AssistantCoreSDKEditor", "AssistantCoreSDKEditor.csproj", "{A8305367-DCDE-EA8E-212A-8251E4CC14DF}"
EndProject
Project("{FAE04EC0-301F-11D3-BF4B-00C04F79EFBC}") = "Oculus.AudioManager.Utils.Editor", "Oculus.AudioManager.Utils.Editor.csproj", "{D8B31E7D-26A7-C7DD-00EF-5659FDC7ED86}"
EndProject
Global
	GlobalSection(SolutionConfigurationPlatforms) = preSolution
		Debug|Any CPU = Debug|Any CPU
		Release|Any CPU = Release|Any CPU
	EndGlobalSection
	GlobalSection(ProjectConfigurationPlatforms) = postSolution
		{C3DAE03A-4D7C-1652-F39B-75A35C0991F3}.Debug|Any CPU.ActiveCfg = Debug|Any CPU
		{C3DAE03A-4D7C-1652-F39B-75A35C0991F3}.Debug|Any CPU.Build.0 = Debug|Any CPU
		{C3DAE03A-4D7C-1652-F39B-75A35C0991F3}.Release|Any CPU.ActiveCfg = Release|Any CPU
		{C3DAE03A-4D7C-1652-F39B-75A35C0991F3}.Release|Any CPU.Build.0 = Release|Any CPU
		{432E9C01-5C01-A60E-4891-DFBED33882D7}.Debug|Any CPU.ActiveCfg = Debug|Any CPU
		{432E9C01-5C01-A60E-4891-DFBED33882D7}.Debug|Any CPU.Build.0 = Debug|Any CPU
		{432E9C01-5C01-A60E-4891-DFBED33882D7}.Release|Any CPU.ActiveCfg = Release|Any CPU
		{432E9C01-5C01-A60E-4891-DFBED33882D7}.Release|Any CPU.Build.0 = Release|Any CPU
		{E3B5FAE1-3D7C-F4CE-4A02-03B6238D32EF}.Debug|Any CPU.ActiveCfg = Debug|Any CPU
		{E3B5FAE1-3D7C-F4CE-4A02-03B6238D32EF}.Debug|Any CPU.Build.0 = Debug|Any CPU
		{E3B5FAE1-3D7C-F4CE-4A02-03B6238D32EF}.Release|Any CPU.ActiveCfg = Release|Any CPU
		{E3B5FAE1-3D7C-F4CE-4A02-03B6238D32EF}.Release|Any CPU.Build.0 = Release|Any CPU
		{CB5FD345-5210-F47B-A75F-369E07B7C196}.Debug|Any CPU.ActiveCfg = Debug|Any CPU
		{CB5FD345-5210-F47B-A75F-369E07B7C196}.Debug|Any CPU.Build.0 = Debug|Any CPU
		{CB5FD345-5210-F47B-A75F-369E07B7C196}.Release|Any CPU.ActiveCfg = Release|Any CPU
		{CB5FD345-5210-F47B-A75F-369E07B7C196}.Release|Any CPU.Build.0 = Release|Any CPU
		{4DF730C9-5CB6-993F-A54A-D7218D517171}.Debug|Any CPU.ActiveCfg = Debug|Any CPU
		{4DF730C9-5CB6-993F-A54A-D7218D517171}.Debug|Any CPU.Build.0 = Debug|Any CPU
		{4DF730C9-5CB6-993F-A54A-D7218D517171}.Release|Any CPU.ActiveCfg = Release|Any CPU
		{4DF730C9-5CB6-993F-A54A-D7218D517171}.Release|Any CPU.Build.0 = Release|Any CPU
		{A6C45DEE-257F-D761-407D-09BD9D510C1C}.Debug|Any CPU.ActiveCfg = Debug|Any CPU
		{A6C45DEE-257F-D761-407D-09BD9D510C1C}.Debug|Any CPU.Build.0 = Debug|Any CPU
		{A6C45DEE-257F-D761-407D-09BD9D510C1C}.Release|Any CPU.ActiveCfg = Release|Any CPU
		{A6C45DEE-257F-D761-407D-09BD9D510C1C}.Release|Any CPU.Build.0 = Release|Any CPU
		{948D8E10-F688-3A9E-1A15-9B43E69D6116}.Debug|Any CPU.ActiveCfg = Debug|Any CPU
		{948D8E10-F688-3A9E-1A15-9B43E69D6116}.Debug|Any CPU.Build.0 = Debug|Any CPU
		{948D8E10-F688-3A9E-1A15-9B43E69D6116}.Release|Any CPU.ActiveCfg = Release|Any CPU
		{948D8E10-F688-3A9E-1A15-9B43E69D6116}.Release|Any CPU.Build.0 = Release|Any CPU
		{3EC6151C-E96B-D250-E292-33E2554F3AE4}.Debug|Any CPU.ActiveCfg = Debug|Any CPU
		{3EC6151C-E96B-D250-E292-33E2554F3AE4}.Debug|Any CPU.Build.0 = Debug|Any CPU
		{3EC6151C-E96B-D250-E292-33E2554F3AE4}.Release|Any CPU.ActiveCfg = Release|Any CPU
		{3EC6151C-E96B-D250-E292-33E2554F3AE4}.Release|Any CPU.Build.0 = Release|Any CPU
		{9D933641-6B7D-7923-80B0-4167F59CC891}.Debug|Any CPU.ActiveCfg = Debug|Any CPU
		{9D933641-6B7D-7923-80B0-4167F59CC891}.Debug|Any CPU.Build.0 = Debug|Any CPU
		{9D933641-6B7D-7923-80B0-4167F59CC891}.Release|Any CPU.ActiveCfg = Release|Any CPU
		{9D933641-6B7D-7923-80B0-4167F59CC891}.Release|Any CPU.Build.0 = Release|Any CPU
		{51552BC3-5A15-85CD-1CF8-6BFF82877EE3}.Debug|Any CPU.ActiveCfg = Debug|Any CPU
		{51552BC3-5A15-85CD-1CF8-6BFF82877EE3}.Debug|Any CPU.Build.0 = Debug|Any CPU
		{51552BC3-5A15-85CD-1CF8-6BFF82877EE3}.Release|Any CPU.ActiveCfg = Release|Any CPU
		{51552BC3-5A15-85CD-1CF8-6BFF82877EE3}.Release|Any CPU.Build.0 = Release|Any CPU
		{BA216C1F-EF7B-D9EA-C181-EE14A5B4CF47}.Debug|Any CPU.ActiveCfg = Debug|Any CPU
		{BA216C1F-EF7B-D9EA-C181-EE14A5B4CF47}.Debug|Any CPU.Build.0 = Debug|Any CPU
		{BA216C1F-EF7B-D9EA-C181-EE14A5B4CF47}.Release|Any CPU.ActiveCfg = Release|Any CPU
		{BA216C1F-EF7B-D9EA-C181-EE14A5B4CF47}.Release|Any CPU.Build.0 = Release|Any CPU
		{45999033-3C4E-D4FA-D38D-6022E82A1222}.Debug|Any CPU.ActiveCfg = Debug|Any CPU
		{45999033-3C4E-D4FA-D38D-6022E82A1222}.Debug|Any CPU.Build.0 = Debug|Any CPU
		{45999033-3C4E-D4FA-D38D-6022E82A1222}.Release|Any CPU.ActiveCfg = Release|Any CPU
		{45999033-3C4E-D4FA-D38D-6022E82A1222}.Release|Any CPU.Build.0 = Release|Any CPU
		{15E35F03-F6CD-AB34-C487-750ED3B2C89D}.Debug|Any CPU.ActiveCfg = Debug|Any CPU
		{15E35F03-F6CD-AB34-C487-750ED3B2C89D}.Debug|Any CPU.Build.0 = Debug|Any CPU
		{15E35F03-F6CD-AB34-C487-750ED3B2C89D}.Release|Any CPU.ActiveCfg = Release|Any CPU
		{15E35F03-F6CD-AB34-C487-750ED3B2C89D}.Release|Any CPU.Build.0 = Release|Any CPU
		{FF6FDE57-F557-1C23-8D32-50D845F74200}.Debug|Any CPU.ActiveCfg = Debug|Any CPU
		{FF6FDE57-F557-1C23-8D32-50D845F74200}.Debug|Any CPU.Build.0 = Debug|Any CPU
		{FF6FDE57-F557-1C23-8D32-50D845F74200}.Release|Any CPU.ActiveCfg = Release|Any CPU
		{FF6FDE57-F557-1C23-8D32-50D845F74200}.Release|Any CPU.Build.0 = Release|Any CPU
		{CFC15114-BF10-9867-8813-EFB86F93C0D0}.Debug|Any CPU.ActiveCfg = Debug|Any CPU
		{CFC15114-BF10-9867-8813-EFB86F93C0D0}.Debug|Any CPU.Build.0 = Debug|Any CPU
		{CFC15114-BF10-9867-8813-EFB86F93C0D0}.Release|Any CPU.ActiveCfg = Release|Any CPU
		{CFC15114-BF10-9867-8813-EFB86F93C0D0}.Release|Any CPU.Build.0 = Release|Any CPU
		{32BBB76E-BAAC-4011-2181-85914995469E}.Debug|Any CPU.ActiveCfg = Debug|Any CPU
		{32BBB76E-BAAC-4011-2181-85914995469E}.Debug|Any CPU.Build.0 = Debug|Any CPU
		{32BBB76E-BAAC-4011-2181-85914995469E}.Release|Any CPU.ActiveCfg = Release|Any CPU
		{32BBB76E-BAAC-4011-2181-85914995469E}.Release|Any CPU.Build.0 = Release|Any CPU
		{E3D62B6D-42D9-D563-7FD6-677014743BDD}.Debug|Any CPU.ActiveCfg = Debug|Any CPU
		{E3D62B6D-42D9-D563-7FD6-677014743BDD}.Debug|Any CPU.Build.0 = Debug|Any CPU
		{E3D62B6D-42D9-D563-7FD6-677014743BDD}.Release|Any CPU.ActiveCfg = Release|Any CPU
		{E3D62B6D-42D9-D563-7FD6-677014743BDD}.Release|Any CPU.Build.0 = Release|Any CPU
		{A902D1E6-122C-4E7C-842F-193DB462979D}.Debug|Any CPU.ActiveCfg = Debug|Any CPU
		{A902D1E6-122C-4E7C-842F-193DB462979D}.Debug|Any CPU.Build.0 = Debug|Any CPU
		{A902D1E6-122C-4E7C-842F-193DB462979D}.Release|Any CPU.ActiveCfg = Release|Any CPU
		{A902D1E6-122C-4E7C-842F-193DB462979D}.Release|Any CPU.Build.0 = Release|Any CPU
		{225DEFDC-91E4-1043-0910-6FE343B8CAA6}.Debug|Any CPU.ActiveCfg = Debug|Any CPU
		{225DEFDC-91E4-1043-0910-6FE343B8CAA6}.Debug|Any CPU.Build.0 = Debug|Any CPU
		{225DEFDC-91E4-1043-0910-6FE343B8CAA6}.Release|Any CPU.ActiveCfg = Release|Any CPU
		{225DEFDC-91E4-1043-0910-6FE343B8CAA6}.Release|Any CPU.Build.0 = Release|Any CPU
		{9974F06C-1F0A-35EC-15AE-6064CBFF271F}.Debug|Any CPU.ActiveCfg = Debug|Any CPU
		{9974F06C-1F0A-35EC-15AE-6064CBFF271F}.Debug|Any CPU.Build.0 = Debug|Any CPU
		{9974F06C-1F0A-35EC-15AE-6064CBFF271F}.Release|Any CPU.ActiveCfg = Release|Any CPU
		{9974F06C-1F0A-35EC-15AE-6064CBFF271F}.Release|Any CPU.Build.0 = Release|Any CPU
		{F2013D53-BE7B-C4A4-F0E3-487D3F0AC137}.Debug|Any CPU.ActiveCfg = Debug|Any CPU
		{F2013D53-BE7B-C4A4-F0E3-487D3F0AC137}.Debug|Any CPU.Build.0 = Debug|Any CPU
		{F2013D53-BE7B-C4A4-F0E3-487D3F0AC137}.Release|Any CPU.ActiveCfg = Release|Any CPU
		{F2013D53-BE7B-C4A4-F0E3-487D3F0AC137}.Release|Any CPU.Build.0 = Release|Any CPU
		{A471331B-09CD-D501-4BF5-9F2E01B86761}.Debug|Any CPU.ActiveCfg = Debug|Any CPU
		{A471331B-09CD-D501-4BF5-9F2E01B86761}.Debug|Any CPU.Build.0 = Debug|Any CPU
		{A471331B-09CD-D501-4BF5-9F2E01B86761}.Release|Any CPU.ActiveCfg = Release|Any CPU
		{A471331B-09CD-D501-4BF5-9F2E01B86761}.Release|Any CPU.Build.0 = Release|Any CPU
		{8D1B2FD1-48B9-0268-D2FF-A36834F619F2}.Debug|Any CPU.ActiveCfg = Debug|Any CPU
		{8D1B2FD1-48B9-0268-D2FF-A36834F619F2}.Debug|Any CPU.Build.0 = Debug|Any CPU
		{8D1B2FD1-48B9-0268-D2FF-A36834F619F2}.Release|Any CPU.ActiveCfg = Release|Any CPU
		{8D1B2FD1-48B9-0268-D2FF-A36834F619F2}.Release|Any CPU.Build.0 = Release|Any CPU
		{F971A837-B36A-F410-7F8F-A254A69318AE}.Debug|Any CPU.ActiveCfg = Debug|Any CPU
		{F971A837-B36A-F410-7F8F-A254A69318AE}.Debug|Any CPU.Build.0 = Debug|Any CPU
		{F971A837-B36A-F410-7F8F-A254A69318AE}.Release|Any CPU.ActiveCfg = Release|Any CPU
		{F971A837-B36A-F410-7F8F-A254A69318AE}.Release|Any CPU.Build.0 = Release|Any CPU
		{FE7027C2-AFFD-BBFB-5190-7747D3B91155}.Debug|Any CPU.ActiveCfg = Debug|Any CPU
		{FE7027C2-AFFD-BBFB-5190-7747D3B91155}.Debug|Any CPU.Build.0 = Debug|Any CPU
		{FE7027C2-AFFD-BBFB-5190-7747D3B91155}.Release|Any CPU.ActiveCfg = Release|Any CPU
		{FE7027C2-AFFD-BBFB-5190-7747D3B91155}.Release|Any CPU.Build.0 = Release|Any CPU
		{0BE91322-EE7D-C4BD-7F82-9BECDE757213}.Debug|Any CPU.ActiveCfg = Debug|Any CPU
		{0BE91322-EE7D-C4BD-7F82-9BECDE757213}.Debug|Any CPU.Build.0 = Debug|Any CPU
		{0BE91322-EE7D-C4BD-7F82-9BECDE757213}.Release|Any CPU.ActiveCfg = Release|Any CPU
		{0BE91322-EE7D-C4BD-7F82-9BECDE757213}.Release|Any CPU.Build.0 = Release|Any CPU
		{BE0AD68A-9512-7E89-A76F-711C8ED09749}.Debug|Any CPU.ActiveCfg = Debug|Any CPU
		{BE0AD68A-9512-7E89-A76F-711C8ED09749}.Debug|Any CPU.Build.0 = Debug|Any CPU
		{BE0AD68A-9512-7E89-A76F-711C8ED09749}.Release|Any CPU.ActiveCfg = Release|Any CPU
		{BE0AD68A-9512-7E89-A76F-711C8ED09749}.Release|Any CPU.Build.0 = Release|Any CPU
		{A9C67955-9572-0887-160F-DA50D3EA665A}.Debug|Any CPU.ActiveCfg = Debug|Any CPU
		{A9C67955-9572-0887-160F-DA50D3EA665A}.Debug|Any CPU.Build.0 = Debug|Any CPU
		{A9C67955-9572-0887-160F-DA50D3EA665A}.Release|Any CPU.ActiveCfg = Release|Any CPU
		{A9C67955-9572-0887-160F-DA50D3EA665A}.Release|Any CPU.Build.0 = Release|Any CPU
		{F6C03868-6C11-C1CD-BCED-135107AC5A0F}.Debug|Any CPU.ActiveCfg = Debug|Any CPU
		{F6C03868-6C11-C1CD-BCED-135107AC5A0F}.Debug|Any CPU.Build.0 = Debug|Any CPU
		{F6C03868-6C11-C1CD-BCED-135107AC5A0F}.Release|Any CPU.ActiveCfg = Release|Any CPU
		{F6C03868-6C11-C1CD-BCED-135107AC5A0F}.Release|Any CPU.Build.0 = Release|Any CPU
		{A233594C-CB21-61EE-447D-796845270832}.Debug|Any CPU.ActiveCfg = Debug|Any CPU
		{A233594C-CB21-61EE-447D-796845270832}.Debug|Any CPU.Build.0 = Debug|Any CPU
		{A233594C-CB21-61EE-447D-796845270832}.Release|Any CPU.ActiveCfg = Release|Any CPU
		{A233594C-CB21-61EE-447D-796845270832}.Release|Any CPU.Build.0 = Release|Any CPU
		{0EB4C7C4-0E3C-692A-37B9-415855A2BEA4}.Debug|Any CPU.ActiveCfg = Debug|Any CPU
		{0EB4C7C4-0E3C-692A-37B9-415855A2BEA4}.Debug|Any CPU.Build.0 = Debug|Any CPU
		{0EB4C7C4-0E3C-692A-37B9-415855A2BEA4}.Release|Any CPU.ActiveCfg = Release|Any CPU
		{0EB4C7C4-0E3C-692A-37B9-415855A2BEA4}.Release|Any CPU.Build.0 = Release|Any CPU
		{19C7E67E-2C47-F944-C97E-0E7475CFE023}.Debug|Any CPU.ActiveCfg = Debug|Any CPU
		{19C7E67E-2C47-F944-C97E-0E7475CFE023}.Debug|Any CPU.Build.0 = Debug|Any CPU
		{19C7E67E-2C47-F944-C97E-0E7475CFE023}.Release|Any CPU.ActiveCfg = Release|Any CPU
		{19C7E67E-2C47-F944-C97E-0E7475CFE023}.Release|Any CPU.Build.0 = Release|Any CPU
		{9D4622B2-B801-7BF8-D574-EE0E7DE40B5A}.Debug|Any CPU.ActiveCfg = Debug|Any CPU
		{9D4622B2-B801-7BF8-D574-EE0E7DE40B5A}.Debug|Any CPU.Build.0 = Debug|Any CPU
		{9D4622B2-B801-7BF8-D574-EE0E7DE40B5A}.Release|Any CPU.ActiveCfg = Release|Any CPU
		{9D4622B2-B801-7BF8-D574-EE0E7DE40B5A}.Release|Any CPU.Build.0 = Release|Any CPU
		{0C8D384F-4A04-DA5D-2C5A-CE1D0B434307}.Debug|Any CPU.ActiveCfg = Debug|Any CPU
		{0C8D384F-4A04-DA5D-2C5A-CE1D0B434307}.Debug|Any CPU.Build.0 = Debug|Any CPU
		{0C8D384F-4A04-DA5D-2C5A-CE1D0B434307}.Release|Any CPU.ActiveCfg = Release|Any CPU
		{0C8D384F-4A04-DA5D-2C5A-CE1D0B434307}.Release|Any CPU.Build.0 = Release|Any CPU
		{9F3C6161-D97E-43FE-1D0A-72E2887E7313}.Debug|Any CPU.ActiveCfg = Debug|Any CPU
		{9F3C6161-D97E-43FE-1D0A-72E2887E7313}.Debug|Any CPU.Build.0 = Debug|Any CPU
		{9F3C6161-D97E-43FE-1D0A-72E2887E7313}.Release|Any CPU.ActiveCfg = Release|Any CPU
		{9F3C6161-D97E-43FE-1D0A-72E2887E7313}.Release|Any CPU.Build.0 = Release|Any CPU
		{A750E3A6-33F9-C9B1-B57A-1E6D20FE772E}.Debug|Any CPU.ActiveCfg = Debug|Any CPU
		{A750E3A6-33F9-C9B1-B57A-1E6D20FE772E}.Debug|Any CPU.Build.0 = Debug|Any CPU
		{A750E3A6-33F9-C9B1-B57A-1E6D20FE772E}.Release|Any CPU.ActiveCfg = Release|Any CPU
		{A750E3A6-33F9-C9B1-B57A-1E6D20FE772E}.Release|Any CPU.Build.0 = Release|Any CPU
		{CA1FD0E6-5891-B7AF-3614-FE59A5443725}.Debug|Any CPU.ActiveCfg = Debug|Any CPU
		{CA1FD0E6-5891-B7AF-3614-FE59A5443725}.Debug|Any CPU.Build.0 = Debug|Any CPU
		{CA1FD0E6-5891-B7AF-3614-FE59A5443725}.Release|Any CPU.ActiveCfg = Release|Any CPU
		{CA1FD0E6-5891-B7AF-3614-FE59A5443725}.Release|Any CPU.Build.0 = Release|Any CPU
		{926C252B-38DD-C887-02AA-EC169377C5CD}.Debug|Any CPU.ActiveCfg = Debug|Any CPU
		{926C252B-38DD-C887-02AA-EC169377C5CD}.Debug|Any CPU.Build.0 = Debug|Any CPU
		{926C252B-38DD-C887-02AA-EC169377C5CD}.Release|Any CPU.ActiveCfg = Release|Any CPU
		{926C252B-38DD-C887-02AA-EC169377C5CD}.Release|Any CPU.Build.0 = Release|Any CPU
		{D5DABA45-67E5-5D71-9210-AA605F7D6AA0}.Debug|Any CPU.ActiveCfg = Debug|Any CPU
		{D5DABA45-67E5-5D71-9210-AA605F7D6AA0}.Debug|Any CPU.Build.0 = Debug|Any CPU
		{D5DABA45-67E5-5D71-9210-AA605F7D6AA0}.Release|Any CPU.ActiveCfg = Release|Any CPU
		{D5DABA45-67E5-5D71-9210-AA605F7D6AA0}.Release|Any CPU.Build.0 = Release|Any CPU
		{A8305367-DCDE-EA8E-212A-8251E4CC14DF}.Debug|Any CPU.ActiveCfg = Debug|Any CPU
		{A8305367-DCDE-EA8E-212A-8251E4CC14DF}.Debug|Any CPU.Build.0 = Debug|Any CPU
		{A8305367-DCDE-EA8E-212A-8251E4CC14DF}.Release|Any CPU.ActiveCfg = Release|Any CPU
		{A8305367-DCDE-EA8E-212A-8251E4CC14DF}.Release|Any CPU.Build.0 = Release|Any CPU
		{D8B31E7D-26A7-C7DD-00EF-5659FDC7ED86}.Debug|Any CPU.ActiveCfg = Debug|Any CPU
		{D8B31E7D-26A7-C7DD-00EF-5659FDC7ED86}.Debug|Any CPU.Build.0 = Debug|Any CPU
		{D8B31E7D-26A7-C7DD-00EF-5659FDC7ED86}.Release|Any CPU.ActiveCfg = Release|Any CPU
		{D8B31E7D-26A7-C7DD-00EF-5659FDC7ED86}.Release|Any CPU.Build.0 = Release|Any CPU
	EndGlobalSection
	GlobalSection(SolutionProperties) = preSolution
		HideSolutionNode = FALSE
	EndGlobalSection
EndGlobal
